
Microsoft Visual Studio Solution File, Format Version 12.00
# Visual Studio Version 16
VisualStudioVersion = 16.0.29721.120
MinimumVisualStudioVersion = 10.0.40219.1
Project("{FAE04EC0-301F-11D3-BF4B-00C04F79EFBC}") = "CleanControllers.Web", "CleanControllers.Web\CleanControllers.Web.csproj", "{0195D8B8-E434-421F-A1E7-CC57612771A0}"
EndProject
Global
	GlobalSection(SolutionConfigurationPlatforms) = preSolution
		Debug|Any CPU = Debug|Any CPU
		Release|Any CPU = Release|Any CPU
	EndGlobalSection
	GlobalSection(ProjectConfigurationPlatforms) = postSolution
		{0195D8B8-E434-421F-A1E7-CC57612771A0}.Debug|Any CPU.ActiveCfg = Debug|Any CPU
		{0195D8B8-E434-421F-A1E7-CC57612771A0}.Debug|Any CPU.Build.0 = Debug|Any CPU
		{0195D8B8-E434-421F-A1E7-CC57612771A0}.Release|Any CPU.ActiveCfg = Release|Any CPU
		{0195D8B8-E434-421F-A1E7-CC57612771A0}.Release|Any CPU.Build.0 = Release|Any CPU
	EndGlobalSection
	GlobalSection(SolutionProperties) = preSolution
		HideSolutionNode = FALSE
	EndGlobalSection
	GlobalSection(ExtensibilityGlobals) = postSolution
		SolutionGuid = {68D7CB2B-605B-404D-9210-44167A1EF264}
	EndGlobalSection
EndGlobal
