
Microsoft Visual Studio Solution File, Format Version 12.00
# Visual Studio Version 16
VisualStudioVersion = 16.0.30223.230
MinimumVisualStudioVersion = 10.0.40219.1
Project("{9A19103F-16F7-4668-BE54-9A1E7A4F7556}") = "205.Isomorphic-Strings", "205.Isomorphic-Strings\205.Isomorphic-Strings.csproj", "{3A8E2572-83A8-4A27-AEEC-6C16D7B3178D}"
EndProject
Project("{9A19103F-16F7-4668-BE54-9A1E7A4F7556}") = "206.Reverse-Linked-List", "206.Reverse-Linked-List\206.Reverse-Linked-List.csproj", "{CFD26DB7-3970-43C7-8676-DA4F12A0DE3E}"
EndProject
Project("{9A19103F-16F7-4668-BE54-9A1E7A4F7556}") = "217.Contains-Duplicate", "217.Contains-Duplicate\217.Contains-Duplicate.csproj", "{950C7795-F335-4763-B366-117B1F69FDFA}"
EndProject
Project("{9A19103F-16F7-4668-BE54-9A1E7A4F7556}") = "219.Contains-Duplicate-II", "219.Contains-Duplicate-II\219.Contains-Duplicate-II.csproj", "{7390D655-5378-49D6-B988-C97DFA076A13}"
EndProject
Project("{9A19103F-16F7-4668-BE54-9A1E7A4F7556}") = "76.Minimum-Window-Substring", "76.Minimum-Window-Substring\76.Minimum-Window-Substring.csproj", "{0801FE51-9C3A-44E1-9D2E-0494724EAA3F}"
EndProject
Project("{FAE04EC0-301F-11D3-BF4B-00C04F79EFBC}") = "1138.Alphabet-Board-Path", "1138.Alphabet-Board-Path\1138.Alphabet-Board-Path.csproj", "{B7CEFBA8-A8A1-4099-9301-C5CFA900117E}"
EndProject
Global
	GlobalSection(SolutionConfigurationPlatforms) = preSolution
		Debug|Any CPU = Debug|Any CPU
		Release|Any CPU = Release|Any CPU
	EndGlobalSection
	GlobalSection(ProjectConfigurationPlatforms) = postSolution
		{3A8E2572-83A8-4A27-AEEC-6C16D7B3178D}.Debug|Any CPU.ActiveCfg = Debug|Any CPU
		{3A8E2572-83A8-4A27-AEEC-6C16D7B3178D}.Debug|Any CPU.Build.0 = Debug|Any CPU
		{3A8E2572-83A8-4A27-AEEC-6C16D7B3178D}.Release|Any CPU.ActiveCfg = Release|Any CPU
		{3A8E2572-83A8-4A27-AEEC-6C16D7B3178D}.Release|Any CPU.Build.0 = Release|Any CPU
		{CFD26DB7-3970-43C7-8676-DA4F12A0DE3E}.Debug|Any CPU.ActiveCfg = Debug|Any CPU
		{CFD26DB7-3970-43C7-8676-DA4F12A0DE3E}.Debug|Any CPU.Build.0 = Debug|Any CPU
		{CFD26DB7-3970-43C7-8676-DA4F12A0DE3E}.Release|Any CPU.ActiveCfg = Release|Any CPU
		{CFD26DB7-3970-43C7-8676-DA4F12A0DE3E}.Release|Any CPU.Build.0 = Release|Any CPU
		{950C7795-F335-4763-B366-117B1F69FDFA}.Debug|Any CPU.ActiveCfg = Debug|Any CPU
		{950C7795-F335-4763-B366-117B1F69FDFA}.Debug|Any CPU.Build.0 = Debug|Any CPU
		{950C7795-F335-4763-B366-117B1F69FDFA}.Release|Any CPU.ActiveCfg = Release|Any CPU
		{950C7795-F335-4763-B366-117B1F69FDFA}.Release|Any CPU.Build.0 = Release|Any CPU
		{7390D655-5378-49D6-B988-C97DFA076A13}.Debug|Any CPU.ActiveCfg = Debug|Any CPU
		{7390D655-5378-49D6-B988-C97DFA076A13}.Debug|Any CPU.Build.0 = Debug|Any CPU
		{7390D655-5378-49D6-B988-C97DFA076A13}.Release|Any CPU.ActiveCfg = Release|Any CPU
		{7390D655-5378-49D6-B988-C97DFA076A13}.Release|Any CPU.Build.0 = Release|Any CPU
		{0801FE51-9C3A-44E1-9D2E-0494724EAA3F}.Debug|Any CPU.ActiveCfg = Debug|Any CPU
		{0801FE51-9C3A-44E1-9D2E-0494724EAA3F}.Debug|Any CPU.Build.0 = Debug|Any CPU
		{0801FE51-9C3A-44E1-9D2E-0494724EAA3F}.Release|Any CPU.ActiveCfg = Release|Any CPU
		{0801FE51-9C3A-44E1-9D2E-0494724EAA3F}.Release|Any CPU.Build.0 = Release|Any CPU
		{B7CEFBA8-A8A1-4099-9301-C5CFA900117E}.Debug|Any CPU.ActiveCfg = Debug|Any CPU
		{B7CEFBA8-A8A1-4099-9301-C5CFA900117E}.Debug|Any CPU.Build.0 = Debug|Any CPU
		{B7CEFBA8-A8A1-4099-9301-C5CFA900117E}.Release|Any CPU.ActiveCfg = Release|Any CPU
		{B7CEFBA8-A8A1-4099-9301-C5CFA900117E}.Release|Any CPU.Build.0 = Release|Any CPU
	EndGlobalSection
	GlobalSection(SolutionProperties) = preSolution
		HideSolutionNode = FALSE
	EndGlobalSection
	GlobalSection(ExtensibilityGlobals) = postSolution
		SolutionGuid = {A1906638-037D-44D9-8059-40B6E0CD812E}
	EndGlobalSection
EndGlobal
